{
  "name": "hemera-graceful-shutdown",
  "version": "0.0.0",
  "lockfileVersion": 1,
  "requires": true,
  "dependencies": {
    "fastparallel": {
      "version": "2.3.0",
      "resolved": "https://registry.npmjs.org/fastparallel/-/fastparallel-2.3.0.tgz",
      "integrity": "sha1-HnCb+2oDmT84V+POfwExHOdgJhM=",
      "requires": {
        "reusify": "1.0.2",
        "xtend": "4.0.1"
      }
    },
    "hemera-plugin": {
      "version": "0.0.12",
      "resolved": "https://registry.npmjs.org/hemera-plugin/-/hemera-plugin-0.0.12.tgz",
      "integrity": "sha512-seOD+umfCbJf6QxmeMFSZMhCKhTkMIZhJAJJW9NFXZSYB+hI8Re9A/1KHvteob0A6sUH1cpr4mu/2G3KOkSBHQ==",
      "requires": {
        "semver": "5.3.0"
      }
    },
    "reusify": {
      "version": "1.0.2",
      "resolved": "https://registry.npmjs.org/reusify/-/reusify-1.0.2.tgz",
      "integrity": "sha512-uvHpBEwqP0XOAlNski7iUcFn0xB75j3FupCnAHVMf1Bosyeo0Jwb/i0QB6PLkMU98NVus1q8NUhpJU1wgWdJCw=="
    },
    "semver": {
      "version": "5.3.0",
      "resolved": "https://registry.npmjs.org/semver/-/semver-5.3.0.tgz",
      "integrity": "sha1-myzl094C0XxgEq0yaqa00M9U+U8="
    },
    "xtend": {
      "version": "4.0.1",
      "resolved": "https://registry.npmjs.org/xtend/-/xtend-4.0.1.tgz",
      "integrity": "sha1-pcbVMr5lbiPbgg77lDofBJmNY68="
    }
  }
}
