{
  "name": "hemera-plugin",
  "version": "1.3.0",
  "lockfileVersion": 1,
  "requires": true,
  "dependencies": {
    "avvio": {
      "version": "5.7.0",
      "resolved": "https://registry.npmjs.org/avvio/-/avvio-5.7.0.tgz",
      "integrity": "sha512-/ldXs9muGUvpZUmxCe/084mqf2Neic2oTrAzvqSQsxJ9BLo9HdvOt6TQDUMsA40qrwMR+PRCFVt4DZishKvqog==",
      "dev": true,
      "requires": {
        "debug": "^3.1.0",
        "fastq": "^1.6.0"
      }
    },
    "bloomrun": {
      "version": "4.1.0",
      "resolved": "https://registry.npmjs.org/bloomrun/-/bloomrun-4.1.0.tgz",
      "integrity": "sha512-2LkNKCXl30aCU7aEkHBiZYzocMka2vmV13736G54exMBk6IHgdOq+Ln4kpCerfDxSciePncspthB3HMtfrpn6A==",
      "dev": true,
      "requires": {
        "sorted-array-functions": "^1.1.0"
      }
    },
    "boom": {
      "version": "5.2.0",
      "resolved": "https://registry.npmjs.org/boom/-/boom-5.2.0.tgz",
      "integrity": "sha512-Z5BTk6ZRe4tXXQlkqftmsAUANpXmuwlsF5Oov8ThoMbQRzdGTA1ngYRW160GexgOgjsFOKJz0LYhoNi+2AMBUw==",
      "dev": true,
      "requires": {
        "hoek": "4.x.x"
      }
    },
    "debug": {
      "version": "3.2.5",
      "resolved": "https://registry.npmjs.org/debug/-/debug-3.2.5.tgz",
      "integrity": "sha512-D61LaDQPQkxJ5AUM2mbSJRbPkNs/TmdmOeLAi1hgDkpDfIfetSrjmWhccwtuResSwMbACjx/xXQofvM9CE/aeg==",
      "dev": true,
      "requires": {
        "ms": "^2.1.1"
      }
    },
    "end-of-stream": {
      "version": "1.4.1",
      "resolved": "https://registry.npmjs.org/end-of-stream/-/end-of-stream-1.4.1.tgz",
      "integrity": "sha512-1MkrZNvWTKCaigbn+W15elq2BB/L22nqrSY5DKlo3X6+vclJm8Bb5djXJBmEX6fS3+zCh/F4VBK5Z2KxJt4s2Q==",
      "dev": true,
      "requires": {
        "once": "^1.4.0"
      }
    },
    "errio": {
      "version": "1.2.2",
      "resolved": "https://registry.npmjs.org/errio/-/errio-1.2.2.tgz",
      "integrity": "sha1-JDCvpm+m3DY9tYjD2DxEB6hdAlU=",
      "dev": true
    },
    "fast-json-parse": {
      "version": "1.0.3",
      "resolved": "https://registry.npmjs.org/fast-json-parse/-/fast-json-parse-1.0.3.tgz",
      "integrity": "sha512-FRWsaZRWEJ1ESVNbDWmsAlqDk96gPQezzLghafp5J4GUKjbCz3OkAHuZs5TuPEtkbVQERysLp9xv6c24fBm8Aw==",
      "dev": true
    },
    "fast-redact": {
      "version": "1.2.0",
      "resolved": "https://registry.npmjs.org/fast-redact/-/fast-redact-1.2.0.tgz",
      "integrity": "sha512-k/uSk9PtFmvYx0m7bRk5B2gZChQk4euWhrn7Mf3vYSmwZBLh7cGNuMuc/vhH1MKMPyVJMMtl9oMwPnwlKqs7CQ==",
      "dev": true
    },
    "fast-safe-stringify": {
      "version": "2.0.6",
      "resolved": "https://registry.npmjs.org/fast-safe-stringify/-/fast-safe-stringify-2.0.6.tgz",
      "integrity": "sha512-q8BZ89jjc+mz08rSxROs8VsrBBcn1SIw1kq9NjolL509tkABRk9io01RAjSaEv1Xb2uFLt8VtRiZbGp5H8iDtg==",
      "dev": true
    },
    "fastq": {
      "version": "1.6.0",
      "resolved": "https://registry.npmjs.org/fastq/-/fastq-1.6.0.tgz",
      "integrity": "sha512-jmxqQ3Z/nXoeyDmWAzF9kH1aGZSis6e/SbfPmJpUnyZ0ogr6iscHQaml4wsEepEWSdtmpy+eVXmCRIMpxaXqOA==",
      "dev": true,
      "requires": {
        "reusify": "^1.0.0"
      }
    },
    "flatstr": {
      "version": "1.0.8",
      "resolved": "https://registry.npmjs.org/flatstr/-/flatstr-1.0.8.tgz",
      "integrity": "sha512-YXblbv/vc1zuVVUtnKl1hPqqk7TalZCppnKE7Pr8FI/Rp48vzckS/4SJ4Y9O9RNiI82Vcw/FydmtqdQOg1Dpqw==",
      "dev": true
    },
    "heavy": {
      "version": "4.0.4",
      "resolved": "https://registry.npmjs.org/heavy/-/heavy-4.0.4.tgz",
      "integrity": "sha1-NskTNsAMz+hSyqTRUwhjNc0vAOk=",
      "dev": true,
      "requires": {
        "boom": "5.x.x",
        "hoek": "4.x.x",
        "joi": "10.x.x"
      },
      "dependencies": {
        "joi": {
          "version": "10.6.0",
          "resolved": "https://registry.npmjs.org/joi/-/joi-10.6.0.tgz",
          "integrity": "sha512-hBF3LcqyAid+9X/pwg+eXjD2QBZI5eXnBFJYaAkH4SK3mp9QSRiiQnDYlmlz5pccMvnLcJRS4whhDOTCkmsAdQ==",
          "dev": true,
          "requires": {
            "hoek": "4.x.x",
            "isemail": "2.x.x",
            "items": "2.x.x",
            "topo": "2.x.x"
          }
        }
      }
    },
    "hoek": {
      "version": "4.2.1",
      "resolved": "https://registry.npmjs.org/hoek/-/hoek-4.2.1.tgz",
      "integrity": "sha512-QLg82fGkfnJ/4iy1xZ81/9SIJiq1NGFUMGs6ParyjBZr6jW2Ufj/snDqTHixNlHdPNwN2RLVD0Pi3igeK9+JfA==",
      "dev": true
    },
    "isemail": {
      "version": "2.2.1",
      "resolved": "https://registry.npmjs.org/isemail/-/isemail-2.2.1.tgz",
      "integrity": "sha1-A1PT2aYpUQgMJiwqoKQrjqjp4qY=",
      "dev": true
    },
    "items": {
      "version": "2.1.1",
      "resolved": "https://registry.npmjs.org/items/-/items-2.1.1.tgz",
      "integrity": "sha1-i9FtnIOxlSneWuoyGsqtp4NkoZg=",
      "dev": true
    },
    "joi": {
      "version": "11.1.1",
      "resolved": "https://registry.npmjs.org/joi/-/joi-11.1.1.tgz",
      "integrity": "sha512-hffQzH42mYLvUCqhUPZZGegiiIjVvHcOV8mrxXPci8qZFOp2sHK4778GPyI3ZlvqTOHs8qZN6DovDnBR1slO4g==",
      "dev": true,
      "requires": {
        "hoek": "4.x.x",
        "isemail": "3.x.x",
        "topo": "2.x.x"
      },
      "dependencies": {
        "isemail": {
          "version": "3.1.3",
          "resolved": "https://registry.npmjs.org/isemail/-/isemail-3.1.3.tgz",
          "integrity": "sha512-5xbsG5wYADIcB+mfLsd+nst1V/D+I7EU7LEZPo2GOIMu4JzfcRs5yQoypP4avA7QtUqgxYLKBYNv4IdzBmbhdw==",
          "dev": true,
          "requires": {
            "punycode": "2.x.x"
          }
        }
      }
    },
    "ms": {
      "version": "2.1.1",
      "resolved": "https://registry.npmjs.org/ms/-/ms-2.1.1.tgz",
      "integrity": "sha512-tgp+dl5cGk28utYktBsrFqA7HKgrhgPsg6Z/EfhWI4gl1Hwq8B/GmY/0oXZ6nF8hDVesS/FpnYaD/kOWhYQvyg==",
      "dev": true
    },
    "nats-hemera": {
      "version": "6.0.0",
      "resolved": "https://registry.npmjs.org/nats-hemera/-/nats-hemera-6.0.0.tgz",
      "integrity": "sha512-E8C1eixYcZ7/8sHuijHhVq1BrcyzirrhS1NhYyx9htEGeAWWMAkPtswie8ZXxSb5lbe1aRpTXw+iV8tT5o7jtw==",
      "dev": true,
      "requires": {
        "avvio": "5.7.x",
        "bloomrun": "4.1.x",
        "errio": "1.2.x",
        "fast-safe-stringify": "2.0.x",
        "heavy": "4.0.x",
        "joi": "11.1.x",
        "pino": "5.0.x",
        "super-error": "2.2.x",
        "tinysonic": "1.3.x"
      }
    },
    "once": {
      "version": "1.4.0",
      "resolved": "https://registry.npmjs.org/once/-/once-1.4.0.tgz",
      "integrity": "sha1-WDsap3WWHUsROsF9nFC6753Xa9E=",
      "dev": true,
      "requires": {
        "wrappy": "1"
      }
    },
    "pino": {
      "version": "5.0.5",
      "resolved": "https://registry.npmjs.org/pino/-/pino-5.0.5.tgz",
      "integrity": "sha512-UlPQi0sm61zq2Ol8iQAf9/jn82Dhg0nZLN+QoaGmTp8grord80V0CB2BcX0P5VRjbZQvmKWPvDUYArndHEzhKA==",
      "dev": true,
      "requires": {
        "fast-json-parse": "^1.0.3",
        "fast-redact": "^1.1.14",
        "fast-safe-stringify": "^2.0.4",
        "flatstr": "^1.0.5",
        "pino-std-serializers": "^2.2.0",
        "pump": "^3.0.0",
        "quick-format-unescaped": "^3.0.0",
        "sonic-boom": "^0.6.0"
      }
    },
    "pino-std-serializers": {
      "version": "2.2.1",
      "resolved": "https://registry.npmjs.org/pino-std-serializers/-/pino-std-serializers-2.2.1.tgz",
      "integrity": "sha512-QqL7kkF7eMCpFG4hpZD8UPQga/kxkkh3E62HzMzTIL4OQyijyisAnBL8msBEAml8xcb/ioGhH7UUzGxuHqczhQ==",
      "dev": true
    },
    "pump": {
      "version": "3.0.0",
      "resolved": "https://registry.npmjs.org/pump/-/pump-3.0.0.tgz",
      "integrity": "sha512-LwZy+p3SFs1Pytd/jYct4wpv49HiYCqd9Rlc5ZVdk0V+8Yzv6jR5Blk3TRmPL1ft69TxP0IMZGJ+WPFU2BFhww==",
      "dev": true,
      "requires": {
        "end-of-stream": "^1.1.0",
        "once": "^1.3.1"
      }
    },
    "punycode": {
      "version": "2.1.1",
      "resolved": "https://registry.npmjs.org/punycode/-/punycode-2.1.1.tgz",
      "integrity": "sha512-XRsRjdf+j5ml+y/6GKHPZbrF/8p2Yga0JPtdqTIY2Xe5ohJPD9saDJJLPvp9+NSBprVvevdXZybnj2cv8OEd0A==",
      "dev": true
    },
    "quick-format-unescaped": {
      "version": "3.0.0",
      "resolved": "https://registry.npmjs.org/quick-format-unescaped/-/quick-format-unescaped-3.0.0.tgz",
      "integrity": "sha512-XmIOc07VM2kPm6m3j/U6jgxyUgDm2Rgh2c1PPy0JUHoQRdoh86hOym0bHyF6G1T6sn+N5lildhvl/T59H5KVyA==",
      "dev": true
    },
    "reusify": {
      "version": "1.0.4",
      "resolved": "https://registry.npmjs.org/reusify/-/reusify-1.0.4.tgz",
      "integrity": "sha512-U9nH88a3fc/ekCF1l0/UP1IosiuIjyTh7hBvXVMHYgVcfGvt897Xguj2UOLDeI5BG2m7/uwyaLVT6fbtCwTyzw==",
      "dev": true
    },
    "semver": {
      "version": "5.5.1",
      "resolved": "https://registry.npmjs.org/semver/-/semver-5.5.1.tgz",
      "integrity": "sha512-PqpAxfrEhlSUWge8dwIp4tZnQ25DIOthpiaHNIthsjEFQD6EvqUKUDM7L8O2rShkFccYo1VjJR0coWfNkCubRw=="
    },
    "sonic-boom": {
      "version": "0.6.1",
      "resolved": "https://registry.npmjs.org/sonic-boom/-/sonic-boom-0.6.1.tgz",
      "integrity": "sha512-3qx6XXDeG+hPNa+jla1H6BMBLcjLl8L8NRERLVeIf/EuPqoqmq4K8owG29Xu7OypT/7/YT/0uKW6YitsKA+nLQ==",
      "dev": true,
      "requires": {
        "flatstr": "^1.0.5"
      }
    },
    "sorted-array-functions": {
      "version": "1.2.0",
      "resolved": "https://registry.npmjs.org/sorted-array-functions/-/sorted-array-functions-1.2.0.tgz",
      "integrity": "sha512-sWpjPhIZJtqO77GN+LD8dDsDKcWZ9GCOJNqKzi1tvtjGIzwfoyuRH8S0psunmc6Z5P+qfDqztSbwYR5X/e1UTg==",
      "dev": true
    },
    "super-error": {
      "version": "2.2.0",
      "resolved": "https://registry.npmjs.org/super-error/-/super-error-2.2.0.tgz",
      "integrity": "sha512-1oDLJZ5jA9OmMmHwOZOQDNVk6Xe1KpCNP7aJnyLXAjEaTwEnip1AhnJMIh0qhewsQIcD6293cDHDiU5w0lWjnw==",
      "dev": true
    },
    "tinysonic": {
      "version": "1.3.0",
      "resolved": "https://registry.npmjs.org/tinysonic/-/tinysonic-1.3.0.tgz",
      "integrity": "sha512-wAKKbTqVn32VxH8PoxNbZ1oCu9IDeyMuQbmdljPfw3D2qGKUe1+88XNhOUfp90pO61Wv66yWZFEpnkawTnSm6w==",
      "dev": true
    },
    "topo": {
      "version": "2.0.2",
      "resolved": "https://registry.npmjs.org/topo/-/topo-2.0.2.tgz",
      "integrity": "sha1-zVYVdSU5BXwNwEkaYhw7xvvh0YI=",
      "dev": true,
      "requires": {
        "hoek": "4.x.x"
      }
    },
    "wrappy": {
      "version": "1.0.2",
      "resolved": "https://registry.npmjs.org/wrappy/-/wrappy-1.0.2.tgz",
      "integrity": "sha1-tSQ9jz7BqjXxNkYFvA0QNuMKtp8=",
      "dev": true
    }
  }
}
