{
  "name": "hemera-jaeger",
  "version": "5.0.1",
  "lockfileVersion": 1,
  "requires": true,
  "dependencies": {
    "ansi-color": {
      "version": "0.2.1",
      "resolved": "https://registry.npmjs.org/ansi-color/-/ansi-color-0.2.1.tgz",
      "integrity": "sha1-PnXAN0dSF1RO12Oo21cJ+prlv5o="
    },
    "bufrw": {
      "version": "1.2.1",
      "resolved": "https://registry.npmjs.org/bufrw/-/bufrw-1.2.1.tgz",
      "integrity": "sha1-k/IiIptPX14s1VkjaJFAf5hTZjs=",
      "requires": {
        "ansi-color": "^0.2.1",
        "error": "^7.0.0",
        "xtend": "^4.0.0"
      }
    },
    "error": {
      "version": "7.0.2",
      "resolved": "https://registry.npmjs.org/error/-/error-7.0.2.tgz",
      "integrity": "sha1-pfdf/02ZJhJt2sDqXcOOaJFTywI=",
      "requires": {
        "string-template": "~0.2.1",
        "xtend": "~4.0.0"
      }
    },
    "hemera-plugin": {
      "version": "1.3.0",
      "resolved": "https://registry.npmjs.org/hemera-plugin/-/hemera-plugin-1.3.0.tgz",
      "integrity": "sha1-lDQrPSePbSKrHSjaa2K6SDsEHF8=",
      "requires": {
        "semver": "5.5.x"
      }
    },
    "jaeger-client": {
      "version": "3.12.0",
      "resolved": "https://registry.npmjs.org/jaeger-client/-/jaeger-client-3.12.0.tgz",
      "integrity": "sha512-TRwzui1D0OdNREHKWGw0Iuz2EkyTmlPVnzpIEXgPeiEbr/8j164Xvpfc1eCpbfGjNStcWj7Ipcvba/JBSy+q8w==",
      "requires": {
        "node-int64": "^0.4.0",
        "opentracing": "^0.13.0",
        "thriftrw": "^3.5.0",
        "uuid": "^3.2.1",
        "xorshift": "^0.2.0"
      },
      "dependencies": {
        "opentracing": {
          "version": "0.13.0",
          "resolved": "https://registry.npmjs.org/opentracing/-/opentracing-0.13.0.tgz",
          "integrity": "sha1-ajQUQvCdfYZrwR7QPeHjgo49aqs="
        }
      }
    },
    "long": {
      "version": "2.4.0",
      "resolved": "https://registry.npmjs.org/long/-/long-2.4.0.tgz",
      "integrity": "sha1-n6GAux2VAM3CnEFWdmoZleH0Uk8="
    },
    "node-int64": {
      "version": "0.4.0",
      "resolved": "https://registry.npmjs.org/node-int64/-/node-int64-0.4.0.tgz",
      "integrity": "sha1-h6kGXNs1XTGC2PlM4RGIuCXGijs="
    },
    "opentracing": {
      "version": "0.14.3",
      "resolved": "https://registry.npmjs.org/opentracing/-/opentracing-0.14.3.tgz",
      "integrity": "sha1-I+OtAp+mamU5Jq2+V+g0Rp+FUKo="
    },
    "semver": {
      "version": "5.5.1",
      "resolved": "https://registry.npmjs.org/semver/-/semver-5.5.1.tgz",
      "integrity": "sha512-PqpAxfrEhlSUWge8dwIp4tZnQ25DIOthpiaHNIthsjEFQD6EvqUKUDM7L8O2rShkFccYo1VjJR0coWfNkCubRw=="
    },
    "string-template": {
      "version": "0.2.1",
      "resolved": "https://registry.npmjs.org/string-template/-/string-template-0.2.1.tgz",
      "integrity": "sha1-QpMuWYo1LQH8IuwzZ9nYTuxsmt0="
    },
    "thriftrw": {
      "version": "3.11.2",
      "resolved": "https://registry.npmjs.org/thriftrw/-/thriftrw-3.11.2.tgz",
      "integrity": "sha512-3iCowlHgCEXjabCkurHTaECb2+U0V+NzqBmwfKHn8fzJJwXd/oDo7Wh6Vs0kaESN7YNJMRPC8ObL3AfQ1gxKmQ==",
      "requires": {
        "bufrw": "^1.2.1",
        "error": "7.0.2",
        "long": "^2.4.0"
      }
    },
    "uuid": {
      "version": "3.3.2",
      "resolved": "https://registry.npmjs.org/uuid/-/uuid-3.3.2.tgz",
      "integrity": "sha512-yXJmeNaw3DnnKAOKJE51sL/ZaYfWJRl1pK9dr19YFCu0ObS231AB1/LbqTKRAQ5kw8A90rA6fr4riOUpTZvQZA=="
    },
    "xorshift": {
      "version": "0.2.1",
      "resolved": "https://registry.npmjs.org/xorshift/-/xorshift-0.2.1.tgz",
      "integrity": "sha1-/NgiZ+k1HBPw+5xzMH8lMx0pxjo="
    },
    "xtend": {
      "version": "4.0.1",
      "resolved": "https://registry.npmjs.org/xtend/-/xtend-4.0.1.tgz",
      "integrity": "sha1-pcbVMr5lbiPbgg77lDofBJmNY68="
    }
  }
}
