{
  "name": "hemera-safe-promises",
  "version": "2.0.4",
  "lockfileVersion": 1,
  "requires": true,
  "dependencies": {
    "make-promises-safe": {
      "version": "3.0.0",
      "resolved": "https://registry.npmjs.org/make-promises-safe/-/make-promises-safe-3.0.0.tgz",
      "integrity": "sha512-ebUkRFxjClLDsvNfajkiWkhnOgUWF65RK1HOGLhqggjzW66xAelaPBEYnjhIeRWWy1bcNdtzbskcHxglhEJqwA=="
    }
  }
}
