{
  "name": "hemera-safe-promise",
  "version": "0.0.0",
  "lockfileVersion": 1,
  "requires": true,
  "dependencies": {
    "hemera-plugin": {
      "version": "0.1.0",
      "resolved": "https://registry.npmjs.org/hemera-plugin/-/hemera-plugin-0.1.0.tgz",
      "integrity": "sha512-ZVjc57fi1jYDvy1+g9bmq2kcywWj/JWBlvS2zKRdC2bDycY4z6K9c1prhPEASzL7q+KemIKDTeGRqpvrhkcepA==",
      "requires": {
        "semver": "5.3.0"
      }
    },
    "make-promises-safe": {
      "version": "1.1.0",
      "resolved": "https://registry.npmjs.org/make-promises-safe/-/make-promises-safe-1.1.0.tgz",
      "integrity": "sha1-tNKMYe+K1VAvONuzoO6JYn92rWE="
    },
    "semver": {
      "version": "5.3.0",
      "resolved": "https://registry.npmjs.org/semver/-/semver-5.3.0.tgz",
      "integrity": "sha1-myzl094C0XxgEq0yaqa00M9U+U8="
    }
  }
}
