{
  "name": "hemera-safe-promises",
  "version": "2.0.2",
  "lockfileVersion": 1,
  "requires": true,
  "dependencies": {
    "make-promises-safe": {
      "version": "1.1.0",
      "resolved": "https://registry.npmjs.org/make-promises-safe/-/make-promises-safe-1.1.0.tgz",
      "integrity": "sha1-tNKMYe+K1VAvONuzoO6JYn92rWE="
    }
  }
}
