{
  "name": "nats-hemera",
  "version": "6.1.1",
  "lockfileVersion": 1,
  "requires": true,
  "dependencies": {
    "@types/events": {
      "version": "1.2.0",
      "resolved": "https://registry.npmjs.org/@types/events/-/events-1.2.0.tgz",
      "integrity": "sha512-KEIlhXnIutzKwRbQkGWb/I4HFqBuUykAdHgDED6xqwXJfONCjF5VoE0cXEiurh3XauygxzeDzgtXUqvLkxFzzA==",
      "dev": true
    },
    "@types/node": {
      "version": "10.11.4",
      "resolved": "https://registry.npmjs.org/@types/node/-/node-10.11.4.tgz",
      "integrity": "sha512-ojnbBiKkZFYRfQpmtnnWTMw+rzGp/JiystjluW9jgN3VzRwilXddJ6aGQ9V/7iuDG06SBgn7ozW9k3zcAnYjYQ==",
      "dev": true
    },
    "@types/pino": {
      "version": "5.6.0",
      "resolved": "https://registry.npmjs.org/@types/pino/-/pino-5.6.0.tgz",
      "integrity": "sha512-2O6JZ3f2T8rTsumm/zk/mgupm++6IxEubGLM9y7WxEOLzAKQ3B1BDgHCmBrYiNoC5BsGBcMfRxLiy2fw3bgU1w==",
      "dev": true,
      "requires": {
        "@types/events": "*",
        "@types/node": "*"
      }
    },
    "avvio": {
      "version": "6.0.0",
      "resolved": "https://registry.npmjs.org/avvio/-/avvio-6.0.0.tgz",
      "integrity": "sha512-QufvuDYOT1J/RNTD5TLZaGYPDpXD43nliJLMBaDSCR2Of6+rI2MzGoqncec78kt1ok2OInmn0d1BYjhYyBIqVg==",
      "requires": {
        "debug": "^4.0.0",
        "fastq": "^1.6.0"
      }
    },
    "bloomrun": {
      "version": "4.1.0",
      "resolved": "https://registry.npmjs.org/bloomrun/-/bloomrun-4.1.0.tgz",
      "integrity": "sha512-2LkNKCXl30aCU7aEkHBiZYzocMka2vmV13736G54exMBk6IHgdOq+Ln4kpCerfDxSciePncspthB3HMtfrpn6A==",
      "requires": {
        "sorted-array-functions": "^1.1.0"
      }
    },
    "boom": {
      "version": "5.2.0",
      "resolved": "https://registry.npmjs.org/boom/-/boom-5.2.0.tgz",
      "integrity": "sha512-Z5BTk6ZRe4tXXQlkqftmsAUANpXmuwlsF5Oov8ThoMbQRzdGTA1ngYRW160GexgOgjsFOKJz0LYhoNi+2AMBUw==",
      "requires": {
        "hoek": "4.x.x"
      }
    },
    "debug": {
      "version": "4.0.1",
      "resolved": "https://registry.npmjs.org/debug/-/debug-4.0.1.tgz",
      "integrity": "sha512-K23FHJ/Mt404FSlp6gSZCevIbTMLX0j3fmHhUEhQ3Wq0FMODW3+cUSoLdy1Gx4polAf4t/lphhmHH35BB8cLYw==",
      "requires": {
        "ms": "^2.1.1"
      }
    },
    "end-of-stream": {
      "version": "1.4.1",
      "resolved": "https://registry.npmjs.org/end-of-stream/-/end-of-stream-1.4.1.tgz",
      "integrity": "sha512-1MkrZNvWTKCaigbn+W15elq2BB/L22nqrSY5DKlo3X6+vclJm8Bb5djXJBmEX6fS3+zCh/F4VBK5Z2KxJt4s2Q==",
      "requires": {
        "once": "^1.4.0"
      }
    },
    "errio": {
      "version": "1.2.2",
      "resolved": "https://registry.npmjs.org/errio/-/errio-1.2.2.tgz",
      "integrity": "sha1-JDCvpm+m3DY9tYjD2DxEB6hdAlU="
    },
    "fast-json-parse": {
      "version": "1.0.3",
      "resolved": "https://registry.npmjs.org/fast-json-parse/-/fast-json-parse-1.0.3.tgz",
      "integrity": "sha512-FRWsaZRWEJ1ESVNbDWmsAlqDk96gPQezzLghafp5J4GUKjbCz3OkAHuZs5TuPEtkbVQERysLp9xv6c24fBm8Aw=="
    },
    "fast-redact": {
      "version": "1.2.0",
      "resolved": "https://registry.npmjs.org/fast-redact/-/fast-redact-1.2.0.tgz",
      "integrity": "sha512-k/uSk9PtFmvYx0m7bRk5B2gZChQk4euWhrn7Mf3vYSmwZBLh7cGNuMuc/vhH1MKMPyVJMMtl9oMwPnwlKqs7CQ=="
    },
    "fast-safe-stringify": {
      "version": "2.0.1",
      "resolved": "https://registry.npmjs.org/fast-safe-stringify/-/fast-safe-stringify-2.0.1.tgz",
      "integrity": "sha1-jSkjnC2U6bpfQ/cMcRm/l0PSZ+A="
    },
    "fastq": {
      "version": "1.6.0",
      "resolved": "https://registry.npmjs.org/fastq/-/fastq-1.6.0.tgz",
      "integrity": "sha512-jmxqQ3Z/nXoeyDmWAzF9kH1aGZSis6e/SbfPmJpUnyZ0ogr6iscHQaml4wsEepEWSdtmpy+eVXmCRIMpxaXqOA==",
      "requires": {
        "reusify": "^1.0.0"
      }
    },
    "flatstr": {
      "version": "1.0.8",
      "resolved": "https://registry.npmjs.org/flatstr/-/flatstr-1.0.8.tgz",
      "integrity": "sha512-YXblbv/vc1zuVVUtnKl1hPqqk7TalZCppnKE7Pr8FI/Rp48vzckS/4SJ4Y9O9RNiI82Vcw/FydmtqdQOg1Dpqw=="
    },
    "heavy": {
      "version": "4.0.4",
      "resolved": "https://registry.npmjs.org/heavy/-/heavy-4.0.4.tgz",
      "integrity": "sha1-NskTNsAMz+hSyqTRUwhjNc0vAOk=",
      "requires": {
        "boom": "5.x.x",
        "hoek": "4.x.x",
        "joi": "10.x.x"
      },
      "dependencies": {
        "joi": {
          "version": "10.6.0",
          "resolved": "https://registry.npmjs.org/joi/-/joi-10.6.0.tgz",
          "integrity": "sha512-hBF3LcqyAid+9X/pwg+eXjD2QBZI5eXnBFJYaAkH4SK3mp9QSRiiQnDYlmlz5pccMvnLcJRS4whhDOTCkmsAdQ==",
          "requires": {
            "hoek": "4.x.x",
            "isemail": "2.x.x",
            "items": "2.x.x",
            "topo": "2.x.x"
          }
        }
      }
    },
    "hoek": {
      "version": "4.2.0",
      "resolved": "https://registry.npmjs.org/hoek/-/hoek-4.2.0.tgz",
      "integrity": "sha512-v0XCLxICi9nPfYrS9RL8HbYnXi9obYAeLbSP00BmnZwCK9+Ih9WOjoZ8YoHCoav2csqn4FOz4Orldsy2dmDwmQ=="
    },
    "isemail": {
      "version": "2.2.1",
      "resolved": "https://registry.npmjs.org/isemail/-/isemail-2.2.1.tgz",
      "integrity": "sha1-A1PT2aYpUQgMJiwqoKQrjqjp4qY="
    },
    "items": {
      "version": "2.1.1",
      "resolved": "https://registry.npmjs.org/items/-/items-2.1.1.tgz",
      "integrity": "sha1-i9FtnIOxlSneWuoyGsqtp4NkoZg="
    },
    "joi": {
      "version": "11.1.1",
      "resolved": "https://registry.npmjs.org/joi/-/joi-11.1.1.tgz",
      "integrity": "sha512-hffQzH42mYLvUCqhUPZZGegiiIjVvHcOV8mrxXPci8qZFOp2sHK4778GPyI3ZlvqTOHs8qZN6DovDnBR1slO4g==",
      "requires": {
        "hoek": "4.x.x",
        "isemail": "3.x.x",
        "topo": "2.x.x"
      },
      "dependencies": {
        "isemail": {
          "version": "3.0.0",
          "resolved": "https://registry.npmjs.org/isemail/-/isemail-3.0.0.tgz",
          "integrity": "sha512-rz0ng/c+fX+zACpLgDB8fnUQ845WSU06f4hlhk4K8TJxmR6f5hyvitu9a9JdMD7aq/P4E0XdG1uaab2OiXgHlA==",
          "requires": {
            "punycode": "2.x.x"
          }
        }
      }
    },
    "ms": {
      "version": "2.1.1",
      "resolved": "https://registry.npmjs.org/ms/-/ms-2.1.1.tgz",
      "integrity": "sha512-tgp+dl5cGk28utYktBsrFqA7HKgrhgPsg6Z/EfhWI4gl1Hwq8B/GmY/0oXZ6nF8hDVesS/FpnYaD/kOWhYQvyg=="
    },
    "nuid": {
      "version": "1.0.0",
      "resolved": "https://registry.npmjs.org/nuid/-/nuid-1.0.0.tgz",
      "integrity": "sha512-046ukkoG8NXjiJMpQYLpGhYJIXJlClt2rDlnubCXN1/pztO/YTD2WkhyBZsEADsUwVtVMv5UmC0B2QrT5sZiDQ=="
    },
    "once": {
      "version": "1.4.0",
      "resolved": "https://registry.npmjs.org/once/-/once-1.4.0.tgz",
      "integrity": "sha1-WDsap3WWHUsROsF9nFC6753Xa9E=",
      "requires": {
        "wrappy": "1"
      }
    },
    "pino": {
      "version": "5.6.3",
      "resolved": "https://registry.npmjs.org/pino/-/pino-5.6.3.tgz",
      "integrity": "sha512-WLcAXLECDkUs9c+yOLj9jCysiBnhpMJ5DWf99pS+3eqBKgNfFHDJYDdBepD1ds5Dd7+ZXUs/MpRu62RgCO/Qjg==",
      "requires": {
        "fast-json-parse": "^1.0.3",
        "fast-redact": "^1.2.0",
        "fast-safe-stringify": "^2.0.6",
        "flatstr": "^1.0.5",
        "pino-std-serializers": "^2.2.1",
        "pump": "^3.0.0",
        "quick-format-unescaped": "^3.0.0",
        "sonic-boom": "^0.6.1"
      },
      "dependencies": {
        "fast-safe-stringify": {
          "version": "2.0.6",
          "resolved": "https://registry.npmjs.org/fast-safe-stringify/-/fast-safe-stringify-2.0.6.tgz",
          "integrity": "sha512-q8BZ89jjc+mz08rSxROs8VsrBBcn1SIw1kq9NjolL509tkABRk9io01RAjSaEv1Xb2uFLt8VtRiZbGp5H8iDtg=="
        }
      }
    },
    "pino-std-serializers": {
      "version": "2.2.1",
      "resolved": "https://registry.npmjs.org/pino-std-serializers/-/pino-std-serializers-2.2.1.tgz",
      "integrity": "sha512-QqL7kkF7eMCpFG4hpZD8UPQga/kxkkh3E62HzMzTIL4OQyijyisAnBL8msBEAml8xcb/ioGhH7UUzGxuHqczhQ=="
    },
    "pump": {
      "version": "3.0.0",
      "resolved": "https://registry.npmjs.org/pump/-/pump-3.0.0.tgz",
      "integrity": "sha512-LwZy+p3SFs1Pytd/jYct4wpv49HiYCqd9Rlc5ZVdk0V+8Yzv6jR5Blk3TRmPL1ft69TxP0IMZGJ+WPFU2BFhww==",
      "requires": {
        "end-of-stream": "^1.1.0",
        "once": "^1.3.1"
      }
    },
    "punycode": {
      "version": "2.1.0",
      "resolved": "https://registry.npmjs.org/punycode/-/punycode-2.1.0.tgz",
      "integrity": "sha1-X4Y+3Im5bbCQdLrXlHvwkFbKTn0="
    },
    "quick-format-unescaped": {
      "version": "3.0.0",
      "resolved": "https://registry.npmjs.org/quick-format-unescaped/-/quick-format-unescaped-3.0.0.tgz",
      "integrity": "sha512-XmIOc07VM2kPm6m3j/U6jgxyUgDm2Rgh2c1PPy0JUHoQRdoh86hOym0bHyF6G1T6sn+N5lildhvl/T59H5KVyA=="
    },
    "reusify": {
      "version": "1.0.4",
      "resolved": "https://registry.npmjs.org/reusify/-/reusify-1.0.4.tgz",
      "integrity": "sha512-U9nH88a3fc/ekCF1l0/UP1IosiuIjyTh7hBvXVMHYgVcfGvt897Xguj2UOLDeI5BG2m7/uwyaLVT6fbtCwTyzw=="
    },
    "sonic-boom": {
      "version": "0.6.1",
      "resolved": "https://registry.npmjs.org/sonic-boom/-/sonic-boom-0.6.1.tgz",
      "integrity": "sha512-3qx6XXDeG+hPNa+jla1H6BMBLcjLl8L8NRERLVeIf/EuPqoqmq4K8owG29Xu7OypT/7/YT/0uKW6YitsKA+nLQ==",
      "requires": {
        "flatstr": "^1.0.5"
      }
    },
    "sorted-array-functions": {
      "version": "1.1.0",
      "resolved": "https://registry.npmjs.org/sorted-array-functions/-/sorted-array-functions-1.1.0.tgz",
      "integrity": "sha512-zq6fLdGQixb9VZfT/tLgU+LzoedJyTbcf1I/TKETFeUVoWIfcs5HNr+SJSvQJLXRlEZjB1gpILTrxamxAdCcgA=="
    },
    "super-error": {
      "version": "2.2.0",
      "resolved": "https://registry.npmjs.org/super-error/-/super-error-2.2.0.tgz",
      "integrity": "sha512-1oDLJZ5jA9OmMmHwOZOQDNVk6Xe1KpCNP7aJnyLXAjEaTwEnip1AhnJMIh0qhewsQIcD6293cDHDiU5w0lWjnw=="
    },
    "tinysonic": {
      "version": "1.3.0",
      "resolved": "https://registry.npmjs.org/tinysonic/-/tinysonic-1.3.0.tgz",
      "integrity": "sha512-wAKKbTqVn32VxH8PoxNbZ1oCu9IDeyMuQbmdljPfw3D2qGKUe1+88XNhOUfp90pO61Wv66yWZFEpnkawTnSm6w=="
    },
    "topo": {
      "version": "2.0.2",
      "resolved": "https://registry.npmjs.org/topo/-/topo-2.0.2.tgz",
      "integrity": "sha1-zVYVdSU5BXwNwEkaYhw7xvvh0YI=",
      "requires": {
        "hoek": "4.x.x"
      }
    },
    "wrappy": {
      "version": "1.0.2",
      "resolved": "https://registry.npmjs.org/wrappy/-/wrappy-1.0.2.tgz",
      "integrity": "sha1-tSQ9jz7BqjXxNkYFvA0QNuMKtp8="
    }
  }
}
